// !$*UTF8*$!
{
	archiveVersion = 1;
	classes = {
	};
	objectVersion = 46;
	objects = {

/* Begin PBXBuildFile section */
		4850F8771C57EB7C0078511B /* AppDelegate.swift in Sources */ = {isa = PBXBuildFile; fileRef = 4850F8761C57EB7C0078511B /* AppDelegate.swift */; };
		4850F8791C57EB7C0078511B /* ViewController.swift in Sources */ = {isa = PBXBuildFile; fileRef = 4850F8781C57EB7C0078511B /* ViewController.swift */; };
		4850F87C1C57EB7C0078511B /* Main.storyboard in Resources */ = {isa = PBXBuildFile; fileRef = 4850F87A1C57EB7C0078511B /* Main.storyboard */; };
		4850F87E1C57EB7C0078511B /* Assets.xcassets in Resources */ = {isa = PBXBuildFile; fileRef = 4850F87D1C57EB7C0078511B /* Assets.xcassets */; };
		4850F8811C57EB7C0078511B /* LaunchScreen.storyboard in Resources */ = {isa = PBXBuildFile; fileRef = 4850F87F1C57EB7C0078511B /* LaunchScreen.storyboard */; };
		4850F88C1C57EB7C0078511B /* XCTestDemoTests.swift in Sources */ = {isa = PBXBuildFile; fileRef = 4850F88B1C57EB7C0078511B /* XCTestDemoTests.swift */; };
		4850F8971C57EB7D0078511B /* XCTestDemoUITests.swift in Sources */ = {isa = PBXBuildFile; fileRef = 4850F8961C57EB7D0078511B /* XCTestDemoUITests.swift */; };
/* End PBXBuildFile section */

/* Begin PBXContainerItemProxy section */
		4850F8881C57EB7C0078511B /* PBXContainerItemProxy */ = {
			isa = PBXContainerItemProxy;
			containerPortal = 4850F86B1C57EB7C0078511B /* Project object */;
			proxyType = 1;
			remoteGlobalIDString = 4850F8721C57EB7C0078511B;
			remoteInfo = XCTestDemo;
		};
		4850F8931C57EB7D0078511B /* PBXContainerItemProxy */ = {
			isa = PBXContainerItemProxy;
			containerPortal = 4850F86B1C57EB7C0078511B /* Project object */;
			proxyType = 1;
			remoteGlobalIDString = 4850F8721C57EB7C0078511B;
			remoteInfo = XCTestDemo;
		};
/* End PBXContainerItemProxy section */

/* Begin PBXFileReference section */
		4850F8731C57EB7C0078511B /* XCTestDemo.app */ = {isa = PBXFileReference; explicitFileType = wrapper.application; includeInIndex = 0; path = XCTestDemo.app; sourceTree = BUILT_PRODUCTS_DIR; };
		4850F8761C57EB7C0078511B /* AppDelegate.swift */ = {isa = PBXFileReference; lastKnownFileType = sourcecode.swift; path = AppDelegate.swift; sourceTree = "<group>"; };
		4850F8781C57EB7C0078511B /* ViewController.swift */ = {isa = PBXFileReference; lastKnownFileType = sourcecode.swift; path = ViewController.swift; sourceTree = "<group>"; };
		4850F87B1C57EB7C0078511B /* Base */ = {isa = PBXFileReference; lastKnownFileType = file.storyboard; name = Base; path = Base.lproj/Main.storyboard; sourceTree = "<group>"; };
		4850F87D1C57EB7C0078511B /* Assets.xcassets */ = {isa = PBXFileReference; lastKnownFileType = folder.assetcatalog; path = Assets.xcassets; sourceTree = "<group>"; };
		4850F8801C57EB7C0078511B /* Base */ = {isa = PBXFileReference; lastKnownFileType = file.storyboard; name = Base; path = Base.lproj/LaunchScreen.storyboard; sourceTree = "<group>"; };
		4850F8821C57EB7C0078511B /* Info.plist */ = {isa = PBXFileReference; lastKnownFileType = text.plist.xml; path = Info.plist; sourceTree = "<group>"; };
		4850F8871C57EB7C0078511B /* XCTestDemoTests.xctest */ = {isa = PBXFileReference; explicitFileType = wrapper.cfbundle; includeInIndex = 0; path = XCTestDemoTests.xctest; sourceTree = BUILT_PRODUCTS_DIR; };
		4850F88B1C57EB7C0078511B /* XCTestDemoTests.swift */ = {isa = PBXFileReference; lastKnownFileType = sourcecode.swift; path = XCTestDemoTests.swift; sourceTree = "<group>"; };
		4850F88D1C57EB7D0078511B /* Info.plist */ = {isa = PBXFileReference; lastKnownFileType = text.plist.xml; path = Info.plist; sourceTree = "<group>"; };
		4850F8921C57EB7D0078511B /* XCTestDemoUITests.xctest */ = {isa = PBXFileReference; explicitFileType = wrapper.cfbundle; includeInIndex = 0; path = XCTestDemoUITests.xctest; sourceTree = BUILT_PRODUCTS_DIR; };
		4850F8961C57EB7D0078511B /* XCTestDemoUITests.swift */ = {isa = PBXFileReference; lastKnownFileType = sourcecode.swift; path = XCTestDemoUITests.swift; sourceTree = "<group>"; };
		4850F8981C57EB7D0078511B /* Info.plist */ = {isa = PBXFileReference; lastKnownFileType = text.plist.xml; path = Info.plist; sourceTree = "<group>"; };
/* End PBXFileReference section */

/* Begin PBXFrameworksBuildPhase section */
		4850F8701C57EB7C0078511B /* Frameworks */ = {
			isa = PBXFrameworksBuildPhase;
			buildActionMask = 2147483647;
			files = (
			);
			runOnlyForDeploymentPostprocessing = 0;
		};
		4850F8841C57EB7C0078511B /* Frameworks */ = {
			isa = PBXFrameworksBuildPhase;
			buildActionMask = 2147483647;
			files = (
			);
			runOnlyForDeploymentPostprocessing = 0;
		};
		4850F88F1C57EB7D0078511B /* Frameworks */ = {
			isa = PBXFrameworksBuildPhase;
			buildActionMask = 2147483647;
			files = (
			);
			runOnlyForDeploymentPostprocessing = 0;
		};
/* End PBXFrameworksBuildPhase section */

/* Begin PBXGroup section */
		4850F86A1C57EB7C0078511B = {
			isa = PBXGroup;
			children = (
				4850F8751C57EB7C0078511B /* XCTestDemo */,
				4850F88A1C57EB7C0078511B /* XCTestDemoTests */,
				4850F8951C57EB7D0078511B /* XCTestDemoUITests */,
				4850F8741C57EB7C0078511B /* Products */,
			);
			sourceTree = "<group>";
		};
		4850F8741C57EB7C0078511B /* Products */ = {
			isa = PBXGroup;
			children = (
				4850F8731C57EB7C0078511B /* XCTestDemo.app */,
				4850F8871C57EB7C0078511B /* XCTestDemoTests.xctest */,
				4850F8921C57EB7D0078511B /* XCTestDemoUITests.xctest */,
			);
			name = Products;
			sourceTree = "<group>";
		};
		4850F8751C57EB7C0078511B /* XCTestDemo */ = {
			isa = PBXGroup;
			children = (
				4850F8761C57EB7C0078511B /* AppDelegate.swift */,
				4850F8781C57EB7C0078511B /* ViewController.swift */,
				4850F87A1C57EB7C0078511B /* Main.storyboard */,
				4850F87D1C57EB7C0078511B /* Assets.xcassets */,
				4850F87F1C57EB7C0078511B /* LaunchScreen.storyboard */,
				4850F8821C57EB7C0078511B /* Info.plist */,
			);
			path = XCTestDemo;
			sourceTree = "<group>";
		};
		4850F88A1C57EB7C0078511B /* XCTestDemoTests */ = {
			isa = PBXGroup;
			children = (
				4850F88B1C57EB7C0078511B /* XCTestDemoTests.swift */,
				4850F88D1C57EB7D0078511B /* Info.plist */,
			);
			path = XCTestDemoTests;
			sourceTree = "<group>";
		};
		4850F8951C57EB7D0078511B /* XCTestDemoUITests */ = {
			isa = PBXGroup;
			children = (
				4850F8961C57EB7D0078511B /* XCTestDemoUITests.swift */,
				4850F8981C57EB7D0078511B /* Info.plist */,
			);
			path = XCTestDemoUITests;
			sourceTree = "<group>";
		};
/* End PBXGroup section */

/* Begin PBXNativeTarget section */
		4850F8721C57EB7C0078511B /* XCTestDemo */ = {
			isa = PBXNativeTarget;
			buildConfigurationList = 4850F89B1C57EB7D0078511B /* Build configuration list for PBXNativeTarget "XCTestDemo" */;
			buildPhases = (
				4850F86F1C57EB7C0078511B /* Sources */,
				4850F8701C57EB7C0078511B /* Frameworks */,
				4850F8711C57EB7C0078511B /* Resources */,
			);
			buildRules = (
			);
			dependencies = (
			);
			name = XCTestDemo;
			productName = XCTestDemo;
			productReference = 4850F8731C57EB7C0078511B /* XCTestDemo.app */;
			productType = "com.apple.product-type.application";
		};
		4850F8861C57EB7C0078511B /* XCTestDemoTests */ = {
			isa = PBXNativeTarget;
			buildConfigurationList = 4850F89E1C57EB7D0078511B /* Build configuration list for PBXNativeTarget "XCTestDemoTests" */;
			buildPhases = (
				4850F8831C57EB7C0078511B /* Sources */,
				4850F8841C57EB7C0078511B /* Frameworks */,
				4850F8851C57EB7C0078511B /* Resources */,
			);
			buildRules = (
			);
			dependencies = (
				4850F8891C57EB7C0078511B /* PBXTargetDependency */,
			);
			name = XCTestDemoTests;
			productName = XCTestDemoTests;
			productReference = 4850F8871C57EB7C0078511B /* XCTestDemoTests.xctest */;
			productType = "com.apple.product-type.bundle.unit-test";
		};
		4850F8911C57EB7D0078511B /* XCTestDemoUITests */ = {
			isa = PBXNativeTarget;
			buildConfigurationList = 4850F8A11C57EB7D0078511B /* Build configuration list for PBXNativeTarget "XCTestDemoUITests" */;
			buildPhases = (
				4850F88E1C57EB7D0078511B /* Sources */,
				4850F88F1C57EB7D0078511B /* Frameworks */,
				4850F8901C57EB7D0078511B /* Resources */,
			);
			buildRules = (
			);
			dependencies = (
				4850F8941C57EB7D0078511B /* PBXTargetDependency */,
			);
			name = XCTestDemoUITests;
			productName = XCTestDemoUITests;
			productReference = 4850F8921C57EB7D0078511B /* XCTestDemoUITests.xctest */;
			productType = "com.apple.product-type.bundle.ui-testing";
		};
/* End PBXNativeTarget section */

/* Begin PBXProject section */
		4850F86B1C57EB7C0078511B /* Project object */ = {
			isa = PBXProject;
			attributes = {
				LastSwiftUpdateCheck = 0720;
				LastUpgradeCheck = 0720;
				ORGANIZATIONNAME = "Patel, Ashish";
				TargetAttributes = {
					4850F8721C57EB7C0078511B = {
						CreatedOnToolsVersion = 7.2;
					};
					4850F8861C57EB7C0078511B = {
						CreatedOnToolsVersion = 7.2;
						TestTargetID = 4850F8721C57EB7C0078511B;
					};
					4850F8911C57EB7D0078511B = {
						CreatedOnToolsVersion = 7.2;
						TestTargetID = 4850F8721C57EB7C0078511B;
					};
				};
			};
			buildConfigurationList = 4850F86E1C57EB7C0078511B /* Build configuration list for PBXProject "XCTestDemo" */;
			compatibilityVersion = "Xcode 3.2";
			developmentRegion = English;
			hasScannedForEncodings = 0;
			knownRegions = (
				en,
				Base,
			);
			mainGroup = 4850F86A1C57EB7C0078511B;
			productRefGroup = 4850F8741C57EB7C0078511B /* Products */;
			projectDirPath = "";
			projectRoot = "";
			targets = (
				4850F8721C57EB7C0078511B /* XCTestDemo */,
				4850F8861C57EB7C0078511B /* XCTestDemoTests */,
				4850F8911C57EB7D0078511B /* XCTestDemoUITests */,
			);
		};
/* End PBXProject section */

/* Begin PBXResourcesBuildPhase section */
		4850F8711C57EB7C0078511B /* Resources */ = {
			isa = PBXResourcesBuildPhase;
			buildActionMask = 2147483647;
			files = (
				4850F8811C57EB7C0078511B /* LaunchScreen.storyboard in Resources */,
				4850F87E1C57EB7C0078511B /* Assets.xcassets in Resources */,
				4850F87C1C57EB7C0078511B /* Main.storyboard in Resources */,
			);
			runOnlyForDeploymentPostprocessing = 0;
		};
		4850F8851C57EB7C0078511B /* Resources */ = {
			isa = PBXResourcesBuildPhase;
			buildActionMask = 2147483647;
			files = (
			);
			runOnlyForDeploymentPostprocessing = 0;
		};
		4850F8901C57EB7D0078511B /* Resources */ = {
			isa = PBXResourcesBuildPhase;
			buildActionMask = 2147483647;
			files = (
			);
			runOnlyForDeploymentPostprocessing = 0;
		};
/* End PBXResourcesBuildPhase section */

/* Begin PBXSourcesBuildPhase section */
		4850F86F1C57EB7C0078511B /* Sources */ = {
			isa = PBXSourcesBuildPhase;
			buildActionMask = 2147483647;
			files = (
				4850F8791C57EB7C0078511B /* ViewController.swift in Sources */,
				4850F8771C57EB7C0078511B /* AppDelegate.swift in Sources */,
			);
			runOnlyForDeploymentPostprocessing = 0;
		};
		4850F8831C57EB7C0078511B /* Sources */ = {
			isa = PBXSourcesBuildPhase;
			buildActionMask = 2147483647;
			files = (
				4850F88C1C57EB7C0078511B /* XCTestDemoTests.swift in Sources */,
			);
			runOnlyForDeploymentPostprocessing = 0;
		};
		4850F88E1C57EB7D0078511B /* Sources */ = {
			isa = PBXSourcesBuildPhase;
			buildActionMask = 2147483647;
			files = (
				4850F8971C57EB7D0078511B /* XCTestDemoUITests.swift in Sources */,
			);
			runOnlyForDeploymentPostprocessing = 0;
		};
/* End PBXSourcesBuildPhase section */

/* Begin PBXTargetDependency section */
		4850F8891C57EB7C0078511B /* PBXTargetDependency */ = {
			isa = PBXTargetDependency;
			target = 4850F8721C57EB7C0078511B /* XCTestDemo */;
			targetProxy = 4850F8881C57EB7C0078511B /* PBXContainerItemProxy */;
		};
		4850F8941C57EB7D0078511B /* PBXTargetDependency */ = {
			isa = PBXTargetDependency;
			target = 4850F8721C57EB7C0078511B /* XCTestDemo */;
			targetProxy = 4850F8931C57EB7D0078511B /* PBXContainerItemProxy */;
		};
/* End PBXTargetDependency section */

/* Begin PBXVariantGroup section */
		4850F87A1C57EB7C0078511B /* Main.storyboard */ = {
			isa = PBXVariantGroup;
			children = (
				4850F87B1C57EB7C0078511B /* Base */,
			);
			name = Main.storyboard;
			sourceTree = "<group>";
		};
		4850F87F1C57EB7C0078511B /* LaunchScreen.storyboard */ = {
			isa = PBXVariantGroup;
			children = (
				4850F8801C57EB7C0078511B /* Base */,
			);
			name = LaunchScreen.storyboard;
			sourceTree = "<group>";
		};
/* End PBXVariantGroup section */

/* Begin XCBuildConfiguration section */
		4850F8991C57EB7D0078511B /* Debug */ = {
			isa = XCBuildConfiguration;
			buildSettings = {
				ALWAYS_SEARCH_USER_PATHS = NO;
				CLANG_CXX_LANGUAGE_STANDARD = "gnu++0x";
				CLANG_CXX_LIBRARY = "libc++";
				CLANG_ENABLE_MODULES = YES;
				CLANG_ENABLE_OBJC_ARC = YES;
				CLANG_WARN_BOOL_CONVERSION = YES;
				CLANG_WARN_CONSTANT_CONVERSION = YES;
				CLANG_WARN_DIRECT_OBJC_ISA_USAGE = YES_ERROR;
				CLANG_WARN_EMPTY_BODY = YES;
				CLANG_WARN_ENUM_CONVERSION = YES;
				CLANG_WARN_INT_CONVERSION = YES;
				CLANG_WARN_OBJC_ROOT_CLASS = YES_ERROR;
				CLANG_WARN_UNREACHABLE_CODE = YES;
				CLANG_WARN__DUPLICATE_METHOD_MATCH = YES;
				"CODE_SIGN_IDENTITY[sdk=iphoneos*]" = "iPhone Developer";
				COPY_PHASE_STRIP = NO;
				DEBUG_INFORMATION_FORMAT = dwarf;
				ENABLE_STRICT_OBJC_MSGSEND = YES;
				ENABLE_TESTABILITY = YES;
				GCC_C_LANGUAGE_STANDARD = gnu99;
				GCC_DYNAMIC_NO_PIC = NO;
				GCC_NO_COMMON_BLOCKS = YES;
				GCC_OPTIMIZATION_LEVEL = 0;
				GCC_PREPROCESSOR_DEFINITIONS = (
					"DEBUG=1",
					"$(inherited)",
				);
				GCC_WARN_64_TO_32_BIT_CONVERSION = YES;
				GCC_WARN_ABOUT_RETURN_TYPE = YES_ERROR;
				GCC_WARN_UNDECLARED_SELECTOR = YES;
				GCC_WARN_UNINITIALIZED_AUTOS = YES_AGGRESSIVE;
				GCC_WARN_UNUSED_FUNCTION = YES;
				GCC_WARN_UNUSED_VARIABLE = YES;
				IPHONEOS_DEPLOYMENT_TARGET = 9.2;
				MTL_ENABLE_DEBUG_INFO = YES;
				ONLY_ACTIVE_ARCH = YES;
				SDKROOT = iphoneos;
				SWIFT_OPTIMIZATION_LEVEL = "-Onone";
			};
			name = Debug;
		};
		4850F89A1C57EB7D0078511B /* Release */ = {
			isa = XCBuildConfiguration;
			buildSettings = {
				ALWAYS_SEARCH_USER_PATHS = NO;
				CLANG_CXX_LANGUAGE_STANDARD = "gnu++0x";
				CLANG_CXX_LIBRARY = "libc++";
				CLANG_ENABLE_MODULES = YES;
				CLANG_ENABLE_OBJC_ARC = YES;
				CLANG_WARN_BOOL_CONVERSION = YES;
				CLANG_WARN_CONSTANT_CONVERSION = YES;
				CLANG_WARN_DIRECT_OBJC_ISA_USAGE = YES_ERROR;
				CLANG_WARN_EMPTY_BODY = YES;
				CLANG_WARN_ENUM_CONVERSION = YES;
				CLANG_WARN_INT_CONVERSION = YES;
				CLANG_WARN_OBJC_ROOT_CLASS = YES_ERROR;
				CLANG_WARN_UNREACHABLE_CODE = YES;
				CLANG_WARN__DUPLICATE_METHOD_MATCH = YES;
				"CODE_SIGN_IDENTITY[sdk=iphoneos*]" = "iPhone Developer";
				COPY_PHASE_STRIP = NO;
				DEBUG_INFORMATION_FORMAT = "dwarf-with-dsym";
				ENABLE_NS_ASSERTIONS = NO;
				ENABLE_STRICT_OBJC_MSGSEND = YES;
				GCC_C_LANGUAGE_STANDARD = gnu99;
				GCC_NO_COMMON_BLOCKS = YES;
				GCC_WARN_64_TO_32_BIT_CONVERSION = YES;
				GCC_WARN_ABOUT_RETURN_TYPE = YES_ERROR;
				GCC_WARN_UNDECLARED_SELECTOR = YES;
				GCC_WARN_UNINITIALIZED_AUTOS = YES_AGGRESSIVE;
				GCC_WARN_UNUSED_FUNCTION = YES;
				GCC_WARN_UNUSED_VARIABLE = YES;
				IPHONEOS_DEPLOYMENT_TARGET = 9.2;
				MTL_ENABLE_DEBUG_INFO = NO;
				SDKROOT = iphoneos;
				VALIDATE_PRODUCT = YES;
			};
			name = Release;
		};
		4850F89C1C57EB7D0078511B /* Debug */ = {
			isa = XCBuildConfiguration;
			buildSettings = {
				ASSETCATALOG_COMPILER_APPICON_NAME = AppIcon;
				INFOPLIST_FILE = XCTestDemo/Info.plist;
				LD_RUNPATH_SEARCH_PATHS = "$(inherited) @executable_path/Frameworks";
				PRODUCT_BUNDLE_IDENTIFIER = com.avgtechie.XCTestDemo;
				PRODUCT_NAME = "$(TARGET_NAME)";
			};
			name = Debug;
		};
		4850F89D1C57EB7D0078511B /* Release */ = {
			isa = XCBuildConfiguration;
			buildSettings = {
				ASSETCATALOG_COMPILER_APPICON_NAME = AppIcon;
				INFOPLIST_FILE = XCTestDemo/Info.plist;
				LD_RUNPATH_SEARCH_PATHS = "$(inherited) @executable_path/Frameworks";
				PRODUCT_BUNDLE_IDENTIFIER = com.avgtechie.XCTestDemo;
				PRODUCT_NAME = "$(TARGET_NAME)";
			};
			name = Release;
		};
		4850F89F1C57EB7D0078511B /* Debug */ = {
			isa = XCBuildConfiguration;
			buildSettings = {
				BUNDLE_LOADER = "$(TEST_HOST)";
				INFOPLIST_FILE = XCTestDemoTests/Info.plist;
				LD_RUNPATH_SEARCH_PATHS = "$(inherited) @executable_path/Frameworks @loader_path/Frameworks";
				PRODUCT_BUNDLE_IDENTIFIER = com.avgtechie.XCTestDemoTests;
				PRODUCT_NAME = "$(TARGET_NAME)";
				TEST_HOST = "$(BUILT_PRODUCTS_DIR)/XCTestDemo.app/XCTestDemo";
			};
			name = Debug;
		};
		4850F8A01C57EB7D0078511B /* Release */ = {
			isa = XCBuildConfiguration;
			buildSettings = {
				BUNDLE_LOADER = "$(TEST_HOST)";
				INFOPLIST_FILE = XCTestDemoTests/Info.plist;
				LD_RUNPATH_SEARCH_PATHS = "$(inherited) @executable_path/Frameworks @loader_path/Frameworks";
				PRODUCT_BUNDLE_IDENTIFIER = com.avgtechie.XCTestDemoTests;
				PRODUCT_NAME = "$(TARGET_NAME)";
				TEST_HOST = "$(BUILT_PRODUCTS_DIR)/XCTestDemo.app/XCTestDemo";
			};
			name = Release;
		};
		4850F8A21C57EB7D0078511B /* Debug */ = {
			isa = XCBuildConfiguration;
			buildSettings = {
				INFOPLIST_FILE = XCTestDemoUITests/Info.plist;
				LD_RUNPATH_SEARCH_PATHS = "$(inherited) @executable_path/Frameworks @loader_path/Frameworks";
				PRODUCT_BUNDLE_IDENTIFIER = com.avgtechie.XCTestDemoUITests;
				PRODUCT_NAME = "$(TARGET_NAME)";
				TEST_TARGET_NAME = XCTestDemo;
				USES_XCTRUNNER = YES;
			};
			name = Debug;
		};
		4850F8A31C57EB7D0078511B /* Release */ = {
			isa = XCBuildConfiguration;
			buildSettings = {
				INFOPLIST_FILE = XCTestDemoUITests/Info.plist;
				LD_RUNPATH_SEARCH_PATHS = "$(inherited) @executable_path/Frameworks @loader_path/Frameworks";
				PRODUCT_BUNDLE_IDENTIFIER = com.avgtechie.XCTestDemoUITests;
				PRODUCT_NAME = "$(TARGET_NAME)";
				TEST_TARGET_NAME = XCTestDemo;
				USES_XCTRUNNER = YES;
			};
			name = Release;
		};
/* End XCBuildConfiguration section */

/* Begin XCConfigurationList section */
		4850F86E1C57EB7C0078511B /* Build configuration list for PBXProject "XCTestDemo" */ = {
			isa = XCConfigurationList;
			buildConfigurations = (
				4850F8991C57EB7D0078511B /* Debug */,
				4850F89A1C57EB7D0078511B /* Release */,
			);
			defaultConfigurationIsVisible = 0;
			defaultConfigurationName = Release;
		};
		4850F89B1C57EB7D0078511B /* Build configuration list for PBXNativeTarget "XCTestDemo" */ = {
			isa = XCConfigurationList;
			buildConfigurations = (
				4850F89C1C57EB7D0078511B /* Debug */,
				4850F89D1C57EB7D0078511B /* Release */,
			);
			defaultConfigurationIsVisible = 0;
		};
		4850F89E1C57EB7D0078511B /* Build configuration list for PBXNativeTarget "XCTestDemoTests" */ = {
			isa = XCConfigurationList;
			buildConfigurations = (
				4850F89F1C57EB7D0078511B /* Debug */,
				4850F8A01C57EB7D0078511B /* Release */,
			);
			defaultConfigurationIsVisible = 0;
		};
		4850F8A11C57EB7D0078511B /* Build configuration list for PBXNativeTarget "XCTestDemoUITests" */ = {
			isa = XCConfigurationList;
			buildConfigurations = (
				4850F8A21C57EB7D0078511B /* Debug */,
				4850F8A31C57EB7D0078511B /* Release */,
			);
			defaultConfigurationIsVisible = 0;
		};
/* End XCConfigurationList section */
	};
	rootObject = 4850F86B1C57EB7C0078511B /* Project object */;
}
